
Microsoft Visual Studio Solution File, Format Version 12.00
# Visual Studio 2013
VisualStudioVersion = 12.0.31101.0
MinimumVisualStudioVersion = 10.0.40219.1
Project("{FAE04EC0-301F-11D3-BF4B-00C04F79EFBC}") = "Foundation", "Foundation\Foundation.csproj", "{0DEBF596-455F-4B20-97F6-9BC1FB0A9915}"
EndProject
Project("{FAE04EC0-301F-11D3-BF4B-00C04F79EFBC}") = "Skeleton", "Skeleton\Skeleton.csproj", "{8185DA12-79F3-4634-8C17-A8D899839FA7}"
EndProject
Project("{FAE04EC0-301F-11D3-BF4B-00C04F79EFBC}") = "Home", "Home\Home.csproj", "{0AAE50FE-66AC-4F3B-9686-616F1F3529AF}"
EndProject
Project("{FAE04EC0-301F-11D3-BF4B-00C04F79EFBC}") = "Blueprint", "Blueprint\Blueprint.csproj", "{15D5AB51-B620-48D8-B3EE-6AE3605825F5}"
EndProject
Project("{FAE04EC0-301F-11D3-BF4B-00C04F79EFBC}") = "Initializr", "Initializr\Initializr.csproj", "{2607042A-2F1A-4006-ACFD-DB24577DFD42}"
EndProject
Project("{FAE04EC0-301F-11D3-BF4B-00C04F79EFBC}") = "FoundationMVC", "FoundationMVC\FoundationMVC.csproj", "{B7C7FF49-8501-472A-B87E-8E1CD43FD83B}"
EndProject
Project("{FAE04EC0-301F-11D3-BF4B-00C04F79EFBC}") = "JQueryMobile", "JQueryMobile\JQueryMobile.csproj", "{59AA4748-AFF3-4F76-A9C0-988AD945D245}"
EndProject
Project("{FAE04EC0-301F-11D3-BF4B-00C04F79EFBC}") = "JQueryUI", "JQueryUI\JQueryUI.csproj", "{ED8000E0-80F3-475A-B326-681F90E055C8}"
EndProject
Project("{FAE04EC0-301F-11D3-BF4B-00C04F79EFBC}") = "JQuery", "JQuery\JQuery.csproj", "{FEB638E5-A618-438F-954E-4DF4E19AC52E}"
EndProject
Project("{FAE04EC0-301F-11D3-BF4B-00C04F79EFBC}") = "Bootstrap", "Bootstrap\Bootstrap.csproj", "{47E99F73-1F20-4C1D-80A6-0AE3E3D663A2}"
EndProject
Project("{FAE04EC0-301F-11D3-BF4B-00C04F79EFBC}") = "Materializecss", "Materializecss\Materializecss.csproj", "{DF2EEB99-69D5-4189-AAC8-52EACDAB1A87}"
EndProject
Project("{FAE04EC0-301F-11D3-BF4B-00C04F79EFBC}") = "Html5Template1", "Html5Template1\Html5Template1.csproj", "{378425D7-718E-4F6F-95F5-A74EDC7DE35E}"
EndProject
Project("{FAE04EC0-301F-11D3-BF4B-00C04F79EFBC}") = "about.me", "about.me\about.me.csproj", "{A98941AE-0A60-4F67-9353-C1217E050894}"
EndProject
Project("{FAE04EC0-301F-11D3-BF4B-00C04F79EFBC}") = "Picnicss", "Picnicss\Picnicss.csproj", "{0DC1C1F5-34E1-447C-B594-D1804714F187}"
EndProject
Global
	GlobalSection(SolutionConfigurationPlatforms) = preSolution
		Debug|Any CPU = Debug|Any CPU
		Release|Any CPU = Release|Any CPU
	EndGlobalSection
	GlobalSection(ProjectConfigurationPlatforms) = postSolution
		{0DEBF596-455F-4B20-97F6-9BC1FB0A9915}.Debug|Any CPU.ActiveCfg = Debug|Any CPU
		{0DEBF596-455F-4B20-97F6-9BC1FB0A9915}.Debug|Any CPU.Build.0 = Debug|Any CPU
		{0DEBF596-455F-4B20-97F6-9BC1FB0A9915}.Release|Any CPU.ActiveCfg = Release|Any CPU
		{0DEBF596-455F-4B20-97F6-9BC1FB0A9915}.Release|Any CPU.Build.0 = Release|Any CPU
		{8185DA12-79F3-4634-8C17-A8D899839FA7}.Debug|Any CPU.ActiveCfg = Debug|Any CPU
		{8185DA12-79F3-4634-8C17-A8D899839FA7}.Debug|Any CPU.Build.0 = Debug|Any CPU
		{8185DA12-79F3-4634-8C17-A8D899839FA7}.Release|Any CPU.ActiveCfg = Release|Any CPU
		{8185DA12-79F3-4634-8C17-A8D899839FA7}.Release|Any CPU.Build.0 = Release|Any CPU
		{0AAE50FE-66AC-4F3B-9686-616F1F3529AF}.Debug|Any CPU.ActiveCfg = Debug|Any CPU
		{0AAE50FE-66AC-4F3B-9686-616F1F3529AF}.Debug|Any CPU.Build.0 = Debug|Any CPU
		{0AAE50FE-66AC-4F3B-9686-616F1F3529AF}.Release|Any CPU.ActiveCfg = Release|Any CPU
		{0AAE50FE-66AC-4F3B-9686-616F1F3529AF}.Release|Any CPU.Build.0 = Release|Any CPU
		{15D5AB51-B620-48D8-B3EE-6AE3605825F5}.Debug|Any CPU.ActiveCfg = Debug|Any CPU
		{15D5AB51-B620-48D8-B3EE-6AE3605825F5}.Debug|Any CPU.Build.0 = Debug|Any CPU
		{15D5AB51-B620-48D8-B3EE-6AE3605825F5}.Release|Any CPU.ActiveCfg = Release|Any CPU
		{15D5AB51-B620-48D8-B3EE-6AE3605825F5}.Release|Any CPU.Build.0 = Release|Any CPU
		{2607042A-2F1A-4006-ACFD-DB24577DFD42}.Debug|Any CPU.ActiveCfg = Debug|Any CPU
		{2607042A-2F1A-4006-ACFD-DB24577DFD42}.Debug|Any CPU.Build.0 = Debug|Any CPU
		{2607042A-2F1A-4006-ACFD-DB24577DFD42}.Release|Any CPU.ActiveCfg = Release|Any CPU
		{2607042A-2F1A-4006-ACFD-DB24577DFD42}.Release|Any CPU.Build.0 = Release|Any CPU
		{B7C7FF49-8501-472A-B87E-8E1CD43FD83B}.Debug|Any CPU.ActiveCfg = Debug|Any CPU
		{B7C7FF49-8501-472A-B87E-8E1CD43FD83B}.Debug|Any CPU.Build.0 = Debug|Any CPU
		{B7C7FF49-8501-472A-B87E-8E1CD43FD83B}.Release|Any CPU.ActiveCfg = Release|Any CPU
		{B7C7FF49-8501-472A-B87E-8E1CD43FD83B}.Release|Any CPU.Build.0 = Release|Any CPU
		{59AA4748-AFF3-4F76-A9C0-988AD945D245}.Debug|Any CPU.ActiveCfg = Debug|Any CPU
		{59AA4748-AFF3-4F76-A9C0-988AD945D245}.Debug|Any CPU.Build.0 = Debug|Any CPU
		{59AA4748-AFF3-4F76-A9C0-988AD945D245}.Release|Any CPU.ActiveCfg = Release|Any CPU
		{59AA4748-AFF3-4F76-A9C0-988AD945D245}.Release|Any CPU.Build.0 = Release|Any CPU
		{ED8000E0-80F3-475A-B326-681F90E055C8}.Debug|Any CPU.ActiveCfg = Debug|Any CPU
		{ED8000E0-80F3-475A-B326-681F90E055C8}.Debug|Any CPU.Build.0 = Debug|Any CPU
		{ED8000E0-80F3-475A-B326-681F90E055C8}.Release|Any CPU.ActiveCfg = Release|Any CPU
		{ED8000E0-80F3-475A-B326-681F90E055C8}.Release|Any CPU.Build.0 = Release|Any CPU
		{FEB638E5-A618-438F-954E-4DF4E19AC52E}.Debug|Any CPU.ActiveCfg = Debug|Any CPU
		{FEB638E5-A618-438F-954E-4DF4E19AC52E}.Debug|Any CPU.Build.0 = Debug|Any CPU
		{FEB638E5-A618-438F-954E-4DF4E19AC52E}.Release|Any CPU.ActiveCfg = Release|Any CPU
		{FEB638E5-A618-438F-954E-4DF4E19AC52E}.Release|Any CPU.Build.0 = Release|Any CPU
		{47E99F73-1F20-4C1D-80A6-0AE3E3D663A2}.Debug|Any CPU.ActiveCfg = Debug|Any CPU
		{47E99F73-1F20-4C1D-80A6-0AE3E3D663A2}.Debug|Any CPU.Build.0 = Debug|Any CPU
		{47E99F73-1F20-4C1D-80A6-0AE3E3D663A2}.Release|Any CPU.ActiveCfg = Release|Any CPU
		{47E99F73-1F20-4C1D-80A6-0AE3E3D663A2}.Release|Any CPU.Build.0 = Release|Any CPU
		{DF2EEB99-69D5-4189-AAC8-52EACDAB1A87}.Debug|Any CPU.ActiveCfg = Debug|Any CPU
		{DF2EEB99-69D5-4189-AAC8-52EACDAB1A87}.Debug|Any CPU.Build.0 = Debug|Any CPU
		{DF2EEB99-69D5-4189-AAC8-52EACDAB1A87}.Release|Any CPU.ActiveCfg = Release|Any CPU
		{DF2EEB99-69D5-4189-AAC8-52EACDAB1A87}.Release|Any CPU.Build.0 = Release|Any CPU
		{378425D7-718E-4F6F-95F5-A74EDC7DE35E}.Debug|Any CPU.ActiveCfg = Debug|Any CPU
		{378425D7-718E-4F6F-95F5-A74EDC7DE35E}.Debug|Any CPU.Build.0 = Debug|Any CPU
		{378425D7-718E-4F6F-95F5-A74EDC7DE35E}.Release|Any CPU.ActiveCfg = Release|Any CPU
		{378425D7-718E-4F6F-95F5-A74EDC7DE35E}.Release|Any CPU.Build.0 = Release|Any CPU
		{A98941AE-0A60-4F67-9353-C1217E050894}.Debug|Any CPU.ActiveCfg = Debug|Any CPU
		{A98941AE-0A60-4F67-9353-C1217E050894}.Debug|Any CPU.Build.0 = Debug|Any CPU
		{A98941AE-0A60-4F67-9353-C1217E050894}.Release|Any CPU.ActiveCfg = Release|Any CPU
		{A98941AE-0A60-4F67-9353-C1217E050894}.Release|Any CPU.Build.0 = Release|Any CPU
		{0DC1C1F5-34E1-447C-B594-D1804714F187}.Debug|Any CPU.ActiveCfg = Debug|Any CPU
		{0DC1C1F5-34E1-447C-B594-D1804714F187}.Debug|Any CPU.Build.0 = Debug|Any CPU
		{0DC1C1F5-34E1-447C-B594-D1804714F187}.Release|Any CPU.ActiveCfg = Release|Any CPU
		{0DC1C1F5-34E1-447C-B594-D1804714F187}.Release|Any CPU.Build.0 = Release|Any CPU
	EndGlobalSection
	GlobalSection(SolutionProperties) = preSolution
		HideSolutionNode = FALSE
	EndGlobalSection
	GlobalSection(CodealikeProperties) = postSolution
		SolutionGuid = c2f4ff08-328e-4583-a9ae-2985b7c89bfb
	EndGlobalSection
EndGlobal
